
Microsoft Visual Studio Solution File, Format Version 12.00
# Visual Studio Version 16
VisualStudioVersion = 16.0.29905.134
MinimumVisualStudioVersion = 10.0.40219.1
Project("{FAE04EC0-301F-11D3-BF4B-00C04F79EFBC}") = "ExceptionHandeling_WithLoggerService", "ExceptionHandeling_WithLoggerService\ExceptionHandeling_WithLoggerService.csproj", "{F05A924D-BE30-4CB5-9FD4-045357C9DAEC}"
EndProject
Project("{FAE04EC0-301F-11D3-BF4B-00C04F79EFBC}") = "LoggerService", "LoggerService\LoggerService.csproj", "{A50BAD01-32B7-4666-BD96-654195A1C2A1}"
EndProject
Global
	GlobalSection(SolutionConfigurationPlatforms) = preSolution
		Debug|Any CPU = Debug|Any CPU
		Release|Any CPU = Release|Any CPU
	EndGlobalSection
	GlobalSection(ProjectConfigurationPlatforms) = postSolution
		{F05A924D-BE30-4CB5-9FD4-045357C9DAEC}.Debug|Any CPU.ActiveCfg = Debug|Any CPU
		{F05A924D-BE30-4CB5-9FD4-045357C9DAEC}.Debug|Any CPU.Build.0 = Debug|Any CPU
		{F05A924D-BE30-4CB5-9FD4-045357C9DAEC}.Release|Any CPU.ActiveCfg = Release|Any CPU
		{F05A924D-BE30-4CB5-9FD4-045357C9DAEC}.Release|Any CPU.Build.0 = Release|Any CPU
		{A50BAD01-32B7-4666-BD96-654195A1C2A1}.Debug|Any CPU.ActiveCfg = Debug|Any CPU
		{A50BAD01-32B7-4666-BD96-654195A1C2A1}.Debug|Any CPU.Build.0 = Debug|Any CPU
		{A50BAD01-32B7-4666-BD96-654195A1C2A1}.Release|Any CPU.ActiveCfg = Release|Any CPU
		{A50BAD01-32B7-4666-BD96-654195A1C2A1}.Release|Any CPU.Build.0 = Release|Any CPU
	EndGlobalSection
	GlobalSection(SolutionProperties) = preSolution
		HideSolutionNode = FALSE
	EndGlobalSection
	GlobalSection(ExtensibilityGlobals) = postSolution
		SolutionGuid = {BD57E131-37DA-4A41-BD91-D347417216B6}
	EndGlobalSection
EndGlobal
